<?xml version="1.0" encoding="utf-8"?>
<Project ToolsVersion="4.0" xmlns="http://schemas.microsoft.com/developer/msbuild/2003">
  <ItemGroup>
    <ClCompile Include="Ball.cpp" />
    <ClCompile Include="Botom.cpp" />
    <ClCompile Include="code.cpp" />
    <ClCompile Include="Display.cpp" />
    <ClCompile Include="Enemies.cpp" />
    <ClCompile Include="Flying_Enemy.cpp" />
    <ClCompile Include="Fooga.cpp" />
    <ClCompile Include="Game.cpp" />
    <ClCompile Include="GameObjects.cpp" />
    <ClCompile Include="GroundEnemy.cpp" />
    <ClCompile Include="InputManager.cpp" />
    <ClCompile Include="Knife.cpp" />
    <ClCompile Include="MenuDisplay.cpp" />
    <ClCompile Include="Platform.cpp" />
    <ClCompile Include="Player.cpp" />
    <ClCompile Include="Projectile.cpp" />
    <ClCompile Include="Tornado.cpp" />
    <ClCompile Include="Mogera.cpp" />
    <ClCompile Include="Boss.cpp" />
    <ClCompile Include="Enemy_factory.cpp" />
  </ItemGroup>
  <ItemGroup>
    <ClInclude Include="Ball.h" />
    <ClInclude Include="Boss.h" />
    <ClInclude Include="Botom.h" />
    <ClInclude Include="Collision.h" />
    <ClInclude Include="Display.h" />
    <ClInclude Include="Enemy.h" />
    <ClInclude Include="Enemy_factory.h" />
    <ClInclude Include="FlyingEnemy.h" />
    <ClInclude Include="Flying_Enemy.h" />
    <ClInclude Include="Fooga.h" />
    <ClInclude Include="Gamakichi.h" />
    <ClInclude Include="Gamakichi_rocket.h" />
    <ClInclude Include="Game.h" />
    <ClInclude Include="GameObjects.h" />
    <ClInclude Include="GroundEnemy.h" />
    <ClInclude Include="Input.h" />
    <ClInclude Include="Knife.h" />
    <ClInclude Include="LevelConfig.h" />
    <ClInclude Include="LevelManager.h" />
    <ClInclude Include="MenuDisplay.h" />
    <ClInclude Include="Mogera.h" />
    <ClInclude Include="Mogera_child.h" />
    <ClInclude Include="Platform.h" />
    <ClInclude Include="Player.h" />
    <ClInclude Include="Projectile.h" />
    <ClInclude Include="Tornado.h" />
    <ClInclude Include="DatabaseManagement.h" />
  </ItemGroup>
  <ItemGroup>
    <Font Include="RussoOne-Regular.ttf" />
  </ItemGroup>
</Project>